
Microsoft Visual Studio Solution File, Format Version 12.00
# Visual Studio Version 17
VisualStudioVersion = 17.3.32901.215
MinimumVisualStudioVersion = 10.0.40219.1
Project("{FAE04EC0-301F-11D3-BF4B-00C04F79EFBC}") = "Práctica GIT", "Práctica GIT\Práctica GIT.csproj", "{FB2ADD46-F27D-4698-8B10-22446B0DDE7A}"
EndProject
Global
	GlobalSection(SolutionConfigurationPlatforms) = preSolution
		Debug|Any CPU = Debug|Any CPU
		Release|Any CPU = Release|Any CPU
	EndGlobalSection
	GlobalSection(ProjectConfigurationPlatforms) = postSolution
		{FB2ADD46-F27D-4698-8B10-22446B0DDE7A}.Debug|Any CPU.ActiveCfg = Debug|Any CPU
		{FB2ADD46-F27D-4698-8B10-22446B0DDE7A}.Debug|Any CPU.Build.0 = Debug|Any CPU
		{FB2ADD46-F27D-4698-8B10-22446B0DDE7A}.Release|Any CPU.ActiveCfg = Release|Any CPU
		{FB2ADD46-F27D-4698-8B10-22446B0DDE7A}.Release|Any CPU.Build.0 = Release|Any CPU
	EndGlobalSection
	GlobalSection(SolutionProperties) = preSolution
		HideSolutionNode = FALSE
	EndGlobalSection
	GlobalSection(ExtensibilityGlobals) = postSolution
		SolutionGuid = {B8371552-EC7A-45D5-AA87-06EC8BC1E9F7}
	EndGlobalSection
EndGlobal
